
Microsoft Visual Studio Solution File, Format Version 12.00
# Visual Studio 15
VisualStudioVersion = 15.0.28307.1913
MinimumVisualStudioVersion = 10.0.40219.1
Project("{FAE04EC0-301F-11D3-BF4B-00C04F79EFBC}") = "Admissionplus", "Admissionplus\Admissionplus.csproj", "{351473AD-474E-4D0E-B5DA-9F279E5DE387}"
EndProject
Global
	GlobalSection(SolutionConfigurationPlatforms) = preSolution
		Debug|Any CPU = Debug|Any CPU
		Release|Any CPU = Release|Any CPU
	EndGlobalSection
	GlobalSection(ProjectConfigurationPlatforms) = postSolution
		{351473AD-474E-4D0E-B5DA-9F279E5DE387}.Debug|Any CPU.ActiveCfg = Debug|Any CPU
		{351473AD-474E-4D0E-B5DA-9F279E5DE387}.Debug|Any CPU.Build.0 = Debug|Any CPU
		{351473AD-474E-4D0E-B5DA-9F279E5DE387}.Release|Any CPU.ActiveCfg = Release|Any CPU
		{351473AD-474E-4D0E-B5DA-9F279E5DE387}.Release|Any CPU.Build.0 = Release|Any CPU
	EndGlobalSection
	GlobalSection(SolutionProperties) = preSolution
		HideSolutionNode = FALSE
	EndGlobalSection
	GlobalSection(ExtensibilityGlobals) = postSolution
		SolutionGuid = {A78CD8AA-1C70-46F4-A39A-3AF74BF1ABA3}
	EndGlobalSection
EndGlobal
